
Microsoft Visual Studio Solution File, Format Version 12.00
# Visual Studio 15
VisualStudioVersion = 15.0.27130.2010
MinimumVisualStudioVersion = 10.0.40219.1
Project("{FAE04EC0-301F-11D3-BF4B-00C04F79EFBC}") = "Momentum.Ekonomi.Payments.Terminal", "Momentum.Ekonomi.Payments.Terminal\Momentum.Ekonomi.Payments.Terminal.csproj", "{9172A7F9-22BA-4DAF-B171-C18F9F6B6828}"
EndProject
Project("{FAE04EC0-301F-11D3-BF4B-00C04F79EFBC}") = "Test", "Test\Test.csproj", "{9D86F6B1-17E7-44EB-AF04-132A6D0BC97F}"
EndProject
Project("{FAE04EC0-301F-11D3-BF4B-00C04F79EFBC}") = "Momentum.Boplats.Ekonomi.Kassa", "Momentum.Boplats.Ekonomi.Kassa\Momentum.Boplats.Ekonomi.Kassa.csproj", "{58343279-19D2-4AD4-920B-FCF5A393D061}"
EndProject
Project("{FAE04EC0-301F-11D3-BF4B-00C04F79EFBC}") = "Lab", "Lab\Lab.csproj", "{00609C92-853E-44E8-9B81-12279CA12BC6}"
EndProject
Project("{FAE04EC0-301F-11D3-BF4B-00C04F79EFBC}") = "WPFTest", "WPFTest\WPFTest.csproj", "{994664BA-BA6E-475E-A8FE-39D5AB2D052B}"
EndProject
Global
	GlobalSection(SolutionConfigurationPlatforms) = preSolution
		Debug|Any CPU = Debug|Any CPU
		Debug|x86 = Debug|x86
		Release|Any CPU = Release|Any CPU
		Release|x86 = Release|x86
	EndGlobalSection
	GlobalSection(ProjectConfigurationPlatforms) = postSolution
		{9172A7F9-22BA-4DAF-B171-C18F9F6B6828}.Debug|Any CPU.ActiveCfg = Debug|Any CPU
		{9172A7F9-22BA-4DAF-B171-C18F9F6B6828}.Debug|Any CPU.Build.0 = Debug|Any CPU
		{9172A7F9-22BA-4DAF-B171-C18F9F6B6828}.Debug|x86.ActiveCfg = Debug|Any CPU
		{9172A7F9-22BA-4DAF-B171-C18F9F6B6828}.Debug|x86.Build.0 = Debug|Any CPU
		{9172A7F9-22BA-4DAF-B171-C18F9F6B6828}.Release|Any CPU.ActiveCfg = Release|Any CPU
		{9172A7F9-22BA-4DAF-B171-C18F9F6B6828}.Release|Any CPU.Build.0 = Release|Any CPU
		{9172A7F9-22BA-4DAF-B171-C18F9F6B6828}.Release|x86.ActiveCfg = Release|x86
		{9172A7F9-22BA-4DAF-B171-C18F9F6B6828}.Release|x86.Build.0 = Release|x86
		{9D86F6B1-17E7-44EB-AF04-132A6D0BC97F}.Debug|Any CPU.ActiveCfg = Debug|Any CPU
		{9D86F6B1-17E7-44EB-AF04-132A6D0BC97F}.Debug|Any CPU.Build.0 = Debug|Any CPU
		{9D86F6B1-17E7-44EB-AF04-132A6D0BC97F}.Debug|x86.ActiveCfg = Debug|Any CPU
		{9D86F6B1-17E7-44EB-AF04-132A6D0BC97F}.Debug|x86.Build.0 = Debug|Any CPU
		{9D86F6B1-17E7-44EB-AF04-132A6D0BC97F}.Release|Any CPU.ActiveCfg = Release|Any CPU
		{9D86F6B1-17E7-44EB-AF04-132A6D0BC97F}.Release|Any CPU.Build.0 = Release|Any CPU
		{9D86F6B1-17E7-44EB-AF04-132A6D0BC97F}.Release|x86.ActiveCfg = Release|x86
		{9D86F6B1-17E7-44EB-AF04-132A6D0BC97F}.Release|x86.Build.0 = Release|x86
		{58343279-19D2-4AD4-920B-FCF5A393D061}.Debug|Any CPU.ActiveCfg = Debug|Any CPU
		{58343279-19D2-4AD4-920B-FCF5A393D061}.Debug|Any CPU.Build.0 = Debug|Any CPU
		{58343279-19D2-4AD4-920B-FCF5A393D061}.Debug|x86.ActiveCfg = Debug|Any CPU
		{58343279-19D2-4AD4-920B-FCF5A393D061}.Debug|x86.Build.0 = Debug|Any CPU
		{58343279-19D2-4AD4-920B-FCF5A393D061}.Release|Any CPU.ActiveCfg = Release|Any CPU
		{58343279-19D2-4AD4-920B-FCF5A393D061}.Release|Any CPU.Build.0 = Release|Any CPU
		{58343279-19D2-4AD4-920B-FCF5A393D061}.Release|x86.ActiveCfg = Release|Any CPU
		{58343279-19D2-4AD4-920B-FCF5A393D061}.Release|x86.Build.0 = Release|Any CPU
		{00609C92-853E-44E8-9B81-12279CA12BC6}.Debug|Any CPU.ActiveCfg = Debug|Any CPU
		{00609C92-853E-44E8-9B81-12279CA12BC6}.Debug|Any CPU.Build.0 = Debug|Any CPU
		{00609C92-853E-44E8-9B81-12279CA12BC6}.Debug|x86.ActiveCfg = Debug|Any CPU
		{00609C92-853E-44E8-9B81-12279CA12BC6}.Debug|x86.Build.0 = Debug|Any CPU
		{00609C92-853E-44E8-9B81-12279CA12BC6}.Release|Any CPU.ActiveCfg = Release|Any CPU
		{00609C92-853E-44E8-9B81-12279CA12BC6}.Release|Any CPU.Build.0 = Release|Any CPU
		{00609C92-853E-44E8-9B81-12279CA12BC6}.Release|x86.ActiveCfg = Release|Any CPU
		{00609C92-853E-44E8-9B81-12279CA12BC6}.Release|x86.Build.0 = Release|Any CPU
		{994664BA-BA6E-475E-A8FE-39D5AB2D052B}.Debug|Any CPU.ActiveCfg = Debug|Any CPU
		{994664BA-BA6E-475E-A8FE-39D5AB2D052B}.Debug|Any CPU.Build.0 = Debug|Any CPU
		{994664BA-BA6E-475E-A8FE-39D5AB2D052B}.Debug|x86.ActiveCfg = Debug|Any CPU
		{994664BA-BA6E-475E-A8FE-39D5AB2D052B}.Debug|x86.Build.0 = Debug|Any CPU
		{994664BA-BA6E-475E-A8FE-39D5AB2D052B}.Release|Any CPU.ActiveCfg = Release|Any CPU
		{994664BA-BA6E-475E-A8FE-39D5AB2D052B}.Release|Any CPU.Build.0 = Release|Any CPU
		{994664BA-BA6E-475E-A8FE-39D5AB2D052B}.Release|x86.ActiveCfg = Release|Any CPU
		{994664BA-BA6E-475E-A8FE-39D5AB2D052B}.Release|x86.Build.0 = Release|Any CPU
	EndGlobalSection
	GlobalSection(SolutionProperties) = preSolution
		HideSolutionNode = FALSE
	EndGlobalSection
	GlobalSection(ExtensibilityGlobals) = postSolution
		SolutionGuid = {5C767D04-B74A-4545-91E4-FB7CCB912EC2}
	EndGlobalSection
EndGlobal
